
Microsoft Visual Studio Solution File, Format Version 12.00
# Visual Studio Version 17
VisualStudioVersion = 17.14.36109.1 d17.14
MinimumVisualStudioVersion = 10.0.40219.1
Project("{FAE04EC0-301F-11D3-BF4B-00C04F79EFBC}") = "DTOs", "DTOs\DTOs.csproj", "{D3C91C6E-59F0-4411-87DE-9120E4A83C74}"
EndProject
Project("{2150E333-8FDC-42A3-9474-1A3956D46DE8}") = "0_DTOs", "0_DTOs", "{02EA681E-C7D8-13C7-8484-4AC65E1B71E8}"
EndProject
Project("{2150E333-8FDC-42A3-9474-1A3956D46DE8}") = "1_DataAccess", "1_DataAccess", "{05AFD2EA-00DC-446D-99D3-A977BAE58383}"
EndProject
Project("{FAE04EC0-301F-11D3-BF4B-00C04F79EFBC}") = "DataAccess", "DataAccess\DataAccess.csproj", "{21587800-A66B-45E5-A357-811CF15FA5F1}"
EndProject
Project("{2150E333-8FDC-42A3-9474-1A3956D46DE8}") = "2_CoreApp", "2_CoreApp", "{65F54B57-4323-4556-BC2D-3C323F3E4D97}"
EndProject
Project("{FAE04EC0-301F-11D3-BF4B-00C04F79EFBC}") = "CoreApp", "CoreApp\CoreApp.csproj", "{C90C748F-F43B-45C1-A8C5-485837024CF5}"
EndProject
Project("{2150E333-8FDC-42A3-9474-1A3956D46DE8}") = "3_Exceptions", "3_Exceptions", "{CF5CA564-7175-4A13-BC6D-12456480F3FE}"
EndProject
Project("{FAE04EC0-301F-11D3-BF4B-00C04F79EFBC}") = "ExceptionManager", "ExceptionManager\ExceptionManager.csproj", "{4DAB899E-943E-4DDA-A1C7-E1D18A14BD11}"
EndProject
Project("{2150E333-8FDC-42A3-9474-1A3956D46DE8}") = "4_WebApi", "4_WebApi", "{0DDF28B7-91AD-4C10-A5E5-93EEAD573874}"
EndProject
Project("{FAE04EC0-301F-11D3-BF4B-00C04F79EFBC}") = "WebAPI", "WebAPI\WebAPI.csproj", "{3237440F-C69A-43DE-81F7-93A33BFBF006}"
EndProject
Project("{2150E333-8FDC-42A3-9474-1A3956D46DE8}") = "5_WebApp", "5_WebApp", "{AF536F37-2EBA-48F2-A2CD-EFB8505DF2C2}"
EndProject
Project("{FAE04EC0-301F-11D3-BF4B-00C04F79EFBC}") = "WebApp", "WebApp\WebApp.csproj", "{FAEB2D99-2B53-448E-9391-6A976AFE4946}"
EndProject
Project("{2150E333-8FDC-42A3-9474-1A3956D46DE8}") = "99_Testing", "99_Testing", "{56B73721-520E-4E50-AB20-FCC57B8C885C}"
EndProject
Project("{FAE04EC0-301F-11D3-BF4B-00C04F79EFBC}") = "DevTester", "DevTester\DevTester.csproj", "{D6A72861-DA72-4124-B346-E5BA72D58CF4}"
EndProject
Global
	GlobalSection(SolutionConfigurationPlatforms) = preSolution
		Debug|Any CPU = Debug|Any CPU
		Release|Any CPU = Release|Any CPU
	EndGlobalSection
	GlobalSection(ProjectConfigurationPlatforms) = postSolution
		{D3C91C6E-59F0-4411-87DE-9120E4A83C74}.Debug|Any CPU.ActiveCfg = Debug|Any CPU
		{D3C91C6E-59F0-4411-87DE-9120E4A83C74}.Debug|Any CPU.Build.0 = Debug|Any CPU
		{D3C91C6E-59F0-4411-87DE-9120E4A83C74}.Release|Any CPU.ActiveCfg = Release|Any CPU
		{D3C91C6E-59F0-4411-87DE-9120E4A83C74}.Release|Any CPU.Build.0 = Release|Any CPU
		{21587800-A66B-45E5-A357-811CF15FA5F1}.Debug|Any CPU.ActiveCfg = Debug|Any CPU
		{21587800-A66B-45E5-A357-811CF15FA5F1}.Debug|Any CPU.Build.0 = Debug|Any CPU
		{21587800-A66B-45E5-A357-811CF15FA5F1}.Release|Any CPU.ActiveCfg = Release|Any CPU
		{21587800-A66B-45E5-A357-811CF15FA5F1}.Release|Any CPU.Build.0 = Release|Any CPU
		{C90C748F-F43B-45C1-A8C5-485837024CF5}.Debug|Any CPU.ActiveCfg = Debug|Any CPU
		{C90C748F-F43B-45C1-A8C5-485837024CF5}.Debug|Any CPU.Build.0 = Debug|Any CPU
		{C90C748F-F43B-45C1-A8C5-485837024CF5}.Release|Any CPU.ActiveCfg = Release|Any CPU
		{C90C748F-F43B-45C1-A8C5-485837024CF5}.Release|Any CPU.Build.0 = Release|Any CPU
		{4DAB899E-943E-4DDA-A1C7-E1D18A14BD11}.Debug|Any CPU.ActiveCfg = Debug|Any CPU
		{4DAB899E-943E-4DDA-A1C7-E1D18A14BD11}.Debug|Any CPU.Build.0 = Debug|Any CPU
		{4DAB899E-943E-4DDA-A1C7-E1D18A14BD11}.Release|Any CPU.ActiveCfg = Release|Any CPU
		{4DAB899E-943E-4DDA-A1C7-E1D18A14BD11}.Release|Any CPU.Build.0 = Release|Any CPU
		{3237440F-C69A-43DE-81F7-93A33BFBF006}.Debug|Any CPU.ActiveCfg = Debug|Any CPU
		{3237440F-C69A-43DE-81F7-93A33BFBF006}.Debug|Any CPU.Build.0 = Debug|Any CPU
		{3237440F-C69A-43DE-81F7-93A33BFBF006}.Release|Any CPU.ActiveCfg = Release|Any CPU
		{3237440F-C69A-43DE-81F7-93A33BFBF006}.Release|Any CPU.Build.0 = Release|Any CPU
		{FAEB2D99-2B53-448E-9391-6A976AFE4946}.Debug|Any CPU.ActiveCfg = Debug|Any CPU
		{FAEB2D99-2B53-448E-9391-6A976AFE4946}.Debug|Any CPU.Build.0 = Debug|Any CPU
		{FAEB2D99-2B53-448E-9391-6A976AFE4946}.Release|Any CPU.ActiveCfg = Release|Any CPU
		{FAEB2D99-2B53-448E-9391-6A976AFE4946}.Release|Any CPU.Build.0 = Release|Any CPU
		{D6A72861-DA72-4124-B346-E5BA72D58CF4}.Debug|Any CPU.ActiveCfg = Debug|Any CPU
		{D6A72861-DA72-4124-B346-E5BA72D58CF4}.Debug|Any CPU.Build.0 = Debug|Any CPU
		{D6A72861-DA72-4124-B346-E5BA72D58CF4}.Release|Any CPU.ActiveCfg = Release|Any CPU
		{D6A72861-DA72-4124-B346-E5BA72D58CF4}.Release|Any CPU.Build.0 = Release|Any CPU
	EndGlobalSection
	GlobalSection(SolutionProperties) = preSolution
		HideSolutionNode = FALSE
	EndGlobalSection
	GlobalSection(NestedProjects) = preSolution
		{D3C91C6E-59F0-4411-87DE-9120E4A83C74} = {02EA681E-C7D8-13C7-8484-4AC65E1B71E8}
		{21587800-A66B-45E5-A357-811CF15FA5F1} = {05AFD2EA-00DC-446D-99D3-A977BAE58383}
		{C90C748F-F43B-45C1-A8C5-485837024CF5} = {65F54B57-4323-4556-BC2D-3C323F3E4D97}
		{4DAB899E-943E-4DDA-A1C7-E1D18A14BD11} = {CF5CA564-7175-4A13-BC6D-12456480F3FE}
		{3237440F-C69A-43DE-81F7-93A33BFBF006} = {0DDF28B7-91AD-4C10-A5E5-93EEAD573874}
		{FAEB2D99-2B53-448E-9391-6A976AFE4946} = {AF536F37-2EBA-48F2-A2CD-EFB8505DF2C2}
		{D6A72861-DA72-4124-B346-E5BA72D58CF4} = {56B73721-520E-4E50-AB20-FCC57B8C885C}
	EndGlobalSection
	GlobalSection(ExtensibilityGlobals) = postSolution
		SolutionGuid = {3C9F47F6-0397-441F-BBE0-3E6CB4E3E062}
	EndGlobalSection
EndGlobal
